{
    "_meta": {
        "hash": {
            "sha256": "034427bb00a846c428e2776420345a23107b80b620cd491bc946729cc2f0b744"
        },
        "pipfile-spec": 6,
        "requires": {
            "python_version": "3.7"
        },
        "sources": [
            {
                "name": "pypi",
                "url": "https://pypi.org/simple",
                "verify_ssl": true
            }
        ]
    },
    "default": {
        "ask-sdk": {
            "hashes": [
                "sha256:3988966949ef7a8599aba5ba1be5befa137a6c41c87aeda4df7b6da4fa813cdc",
                "sha256:b5a5c8a425cd486612c8a908970d6368388b5f91a44fe75f2c1670ac0cabc01e"
            ],
            "index": "pypi",
            "version": "==1.10.1"
        },
        "ask-sdk-core": {
            "hashes": [
                "sha256:0f07095a8fa63796b3722ffc7fbeebd1ae15e458bf46985e34831f75a1a2b92d",
                "sha256:a3aedf1083b7aa83a2dda76fc944d6801bbced7cf1a41c70a750c7097361d065"
            ],
            "version": "==1.15.0"
        },
        "ask-sdk-dynamodb-persistence-adapter": {
            "hashes": [
                "sha256:1eaced23e1992d4f5c150b2aa2aa0e5171b004a379d187047168187ff493f6c0",
                "sha256:96f4592c81f267abc503fa536a2acb96a7339167805800a41eb8b3eb5e1e7121"
            ],
            "version": "==1.15.0"
        },
        "ask-sdk-model": {
            "hashes": [
                "sha256:9c886cd8bbbf522c5edc32552b9ab857c8b7c164d687eb623207e6dcc38c2c24",
                "sha256:c0edd927a423113d45fe2a18727e38d9633fd37964feeed36740c3df09ebca1a"
            ],
            "version": "==1.30.1"
        },
        "ask-sdk-runtime": {
            "hashes": [
                "sha256:1fe636ac6b6818d123511667a4151e1c396ec2747a7851ad10cf33db2a128e0c",
                "sha256:6b3f1ea45620c7db60a98252588947042dd2cca278b60abd4cc3849524187f5e"
            ],
            "version": "==1.15.0"
        },
        "awsiotpythonsdk": {
            "hashes": [
                "sha256:499f08c397b9bd0753433745937d4c839601d15d3d9a39bc9575858e814b7c99"
            ],
            "index": "pypi",
            "version": "==1.4.6"
        },
        "boto3": {
            "hashes": [
                "sha256:58ae308e4539264754e4e2a21bfec71b2fbffe02e86a77e680077e10b7c0ed54",
                "sha256:9d8bd0ca309b01265793b7e8d7b88c1df439737d77c8725988f0277bbf58d169"
            ],
            "index": "pypi",
            "version": "==1.9.169"
        },
        "botocore": {
            "hashes": [
                "sha256:3baf129118575602ada9926f5166d82d02273c250d0feb313fc270944b27c48b",
                "sha256:dc080aed4f9b220a9e916ca29ca97a9d37e8e1d296fe89cbaeef929bf0c8066b"
            ],
            "version": "==1.12.253"
        },
        "certifi": {
            "hashes": [
                "sha256:1a4995114262bffbc2413b159f2a1a480c969de6e6eb13ee966d470af86af59c",
                "sha256:719a74fb9e33b9bd44cc7f3a8d94bc35e4049deebe19ba7d8e108280cfd59830"
            ],
            "version": "==2020.12.5"
        },
        "chardet": {
            "hashes": [
                "sha256:0d6f53a15db4120f2b08c94f11e7d93d2c911ee118b6b30a04ec3ee8310179fa",
                "sha256:f864054d66fd9118f2e67044ac8981a54775ec5b67aed0441892edb553d21da5"
            ],
            "version": "==4.0.0"
        },
        "docutils": {
            "hashes": [
                "sha256:6c4f696463b79f1fb8ba0c594b63840ebd41f059e92b31957c46b74a4599b6d0",
                "sha256:9e4d7ecfc600058e07ba661411a2b7de2fd0fafa17d1a7f7361cd47b1175c827",
                "sha256:a2aeea129088da402665e92e0b25b04b073c04b2dce4ab65caaa38b7ce2e1a99"
            ],
            "version": "==0.15.2"
        },
        "idna": {
            "hashes": [
                "sha256:b307872f855b18632ce0c21c5e45be78c0ea7ae4c15c828c20788b26921eb3f6",
                "sha256:b97d804b1e9b523befed77c48dacec60e6dcb0b5391d57af6a65a312a90648c0"
            ],
            "version": "==2.10"
        },
        "jmespath": {
            "hashes": [
                "sha256:b85d0567b8666149a93172712e68920734333c0ce7e89b78b3e987f71e5ed4f9",
                "sha256:cdf6525904cc597730141d61b36f2e4b8ecc257c420fa2f4549bac2c2d0cb72f"
            ],
            "version": "==0.10.0"
        },
        "python-dateutil": {
            "hashes": [
                "sha256:73ebfe9dbf22e832286dafa60473e4cd239f8592f699aa5adaf10050e6e1823c",
                "sha256:75bb3f31ea686f1197762692a9ee6a7550b59fc6ca3a1f4b5d7e32fb98e2da2a"
            ],
            "markers": "python_version >= '2.7'",
            "version": "==2.8.1"
        },
        "requests": {
            "hashes": [
                "sha256:27973dd4a904a4f13b263a19c866c13b92a39ed1c964655f025f3f8d3d75b804",
                "sha256:c210084e36a42ae6b9219e00e48287def368a26d03a048ddad7bfee44f75871e"
            ],
            "version": "==2.25.1"
        },
        "s3transfer": {
            "hashes": [
                "sha256:6efc926738a3cd576c2a79725fed9afde92378aa5c6a957e3af010cb019fac9d",
                "sha256:b780f2411b824cb541dbcd2c713d0cb61c7d1bcadae204cdddda2b35cef493ba"
            ],
            "version": "==0.2.1"
        },
        "six": {
            "hashes": [
                "sha256:30639c035cdb23534cd4aa2dd52c3bf48f06e5f4a941509c8bafd8ce11080259",
                "sha256:8b74bedcbbbaca38ff6d7491d76f2b06b3592611af620f8426e82dddb04a5ced"
            ],
            "version": "==1.15.0"
        },
        "urllib3": {
            "hashes": [
                "sha256:2f3db8b19923a873b3e5256dc9c2dedfa883e33d87c690d9c7913e1f40673cdc",
                "sha256:87716c2d2a7121198ebcb7ce7cccf6ce5e9ba539041cfbaeecfb641dc0bf6acc"
            ],
            "index": "pypi",
            "version": "==1.25.8"
        }
    },
    "develop": {}
}
